
Microsoft Visual Studio Solution File, Format Version 12.00
# Visual Studio Version 17
VisualStudioVersion = 17.6.33815.320
MinimumVisualStudioVersion = 10.0.40219.1
Project("{9A19103F-16F7-4668-BE54-9A1E7A4F7556}") = "RichardInvestments.API", "RichardInvestments.API\RichardInvestments.API.csproj", "{82E92C31-3251-4CD1-82F0-C6B6BC9488B9}"
EndProject
Project("{FAE04EC0-301F-11D3-BF4B-00C04F79EFBC}") = "RichardInvestments.Domain", "RichardInvestments.Domain\RichardInvestments.Domain.csproj", "{EA16AC49-4B69-4C20-8C46-AB5F5A0F03F7}"
EndProject
Global
	GlobalSection(SolutionConfigurationPlatforms) = preSolution
		Debug|Any CPU = Debug|Any CPU
		Release|Any CPU = Release|Any CPU
	EndGlobalSection
	GlobalSection(ProjectConfigurationPlatforms) = postSolution
		{82E92C31-3251-4CD1-82F0-C6B6BC9488B9}.Debug|Any CPU.ActiveCfg = Debug|Any CPU
		{82E92C31-3251-4CD1-82F0-C6B6BC9488B9}.Debug|Any CPU.Build.0 = Debug|Any CPU
		{82E92C31-3251-4CD1-82F0-C6B6BC9488B9}.Release|Any CPU.ActiveCfg = Release|Any CPU
		{82E92C31-3251-4CD1-82F0-C6B6BC9488B9}.Release|Any CPU.Build.0 = Release|Any CPU
		{EA16AC49-4B69-4C20-8C46-AB5F5A0F03F7}.Debug|Any CPU.ActiveCfg = Debug|Any CPU
		{EA16AC49-4B69-4C20-8C46-AB5F5A0F03F7}.Debug|Any CPU.Build.0 = Debug|Any CPU
		{EA16AC49-4B69-4C20-8C46-AB5F5A0F03F7}.Release|Any CPU.ActiveCfg = Release|Any CPU
		{EA16AC49-4B69-4C20-8C46-AB5F5A0F03F7}.Release|Any CPU.Build.0 = Release|Any CPU
	EndGlobalSection
	GlobalSection(SolutionProperties) = preSolution
		HideSolutionNode = FALSE
	EndGlobalSection
	GlobalSection(ExtensibilityGlobals) = postSolution
		SolutionGuid = {8B42BBF4-14F0-47E1-8112-486C8BF3C061}
	EndGlobalSection
EndGlobal
