
Microsoft Visual Studio Solution File, Format Version 12.00
# Visual Studio Version 16
VisualStudioVersion = 16.0.29728.190
MinimumVisualStudioVersion = 10.0.40219.1
Project("{FAE04EC0-301F-11D3-BF4B-00C04F79EFBC}") = "MetaGlobo", "MetaGlobo\MetaGlobo.csproj", "{7BA1861A-0C5A-455E-BABB-3516AE923C98}"
EndProject
Global
	GlobalSection(SolutionConfigurationPlatforms) = preSolution
		Debug|Any CPU = Debug|Any CPU
		Release|Any CPU = Release|Any CPU
	EndGlobalSection
	GlobalSection(ProjectConfigurationPlatforms) = postSolution
		{7BA1861A-0C5A-455E-BABB-3516AE923C98}.Debug|Any CPU.ActiveCfg = Debug|Any CPU
		{7BA1861A-0C5A-455E-BABB-3516AE923C98}.Debug|Any CPU.Build.0 = Debug|Any CPU
		{7BA1861A-0C5A-455E-BABB-3516AE923C98}.Release|Any CPU.ActiveCfg = Release|Any CPU
		{7BA1861A-0C5A-455E-BABB-3516AE923C98}.Release|Any CPU.Build.0 = Release|Any CPU
	EndGlobalSection
	GlobalSection(SolutionProperties) = preSolution
		HideSolutionNode = FALSE
	EndGlobalSection
	GlobalSection(ExtensibilityGlobals) = postSolution
		SolutionGuid = {576E5103-71D6-41D8-9E99-DACC8EFF15FF}
	EndGlobalSection
EndGlobal
