
Microsoft Visual Studio Solution File, Format Version 12.00
# Visual Studio Version 16
VisualStudioVersion = 16.0.29009.5
MinimumVisualStudioVersion = 10.0.40219.1
Project("{2150E333-8FDC-42A3-9474-1A3956D46DE8}") = "01 - Testes de Unidade", "01 - Testes de Unidade", "{7431B090-D75F-4433-9F36-04B39A82281A}"
EndProject
Project("{2150E333-8FDC-42A3-9474-1A3956D46DE8}") = "1.1 - Testes Basicos", "1.1 - Testes Basicos", "{BFB42658-9528-4813-9813-575D8B4F733E}"
EndProject
Project("{9A19103F-16F7-4668-BE54-9A1E7A4F7556}") = "Demo", "01 - Testes de Unidade\Demo\Demo.csproj", "{246D1323-401C-49DA-AB69-8354BA2CAC2A}"
EndProject
Project("{9A19103F-16F7-4668-BE54-9A1E7A4F7556}") = "Demo.Tests", "01 - Testes de Unidade\Demo.Tests\Demo.Tests.csproj", "{4F44A430-BC84-42E5-9340-38D38AC2BA63}"
EndProject
Project("{2150E333-8FDC-42A3-9474-1A3956D46DE8}") = "2.2 - Features", "2.2 - Features", "{2D5A96F8-7FED-413E-A88D-6EAF047D5DBB}"
EndProject
Project("{9A19103F-16F7-4668-BE54-9A1E7A4F7556}") = "Features", "01 - Testes de Unidade\Features\Features.csproj", "{F3227277-7CCF-4854-AB36-0D0D6BBA47BB}"
EndProject
Project("{9A19103F-16F7-4668-BE54-9A1E7A4F7556}") = "Features.Tests", "01 - Testes de Unidade\Features.Tests\Features.Tests.csproj", "{AFF5C7A0-A49F-4EFA-9732-8728A4AD68C9}"
EndProject
Project("{2150E333-8FDC-42A3-9474-1A3956D46DE8}") = "02 - TDD", "02 - TDD", "{59C26FC4-4018-4932-ABB8-705ED6CEA7C1}"
EndProject
Project("{2150E333-8FDC-42A3-9474-1A3956D46DE8}") = "src", "src", "{87A1A549-5263-48F9-988B-6A671CE5C17C}"
EndProject
Project("{2150E333-8FDC-42A3-9474-1A3956D46DE8}") = "tests", "tests", "{1E51F3DA-12C0-4E68-BBD5-2C14B7F67347}"
EndProject
Project("{2150E333-8FDC-42A3-9474-1A3956D46DE8}") = "NerdStore.Core", "NerdStore.Core", "{27E2A4D9-D86D-465A-B0E2-E29009EED6DE}"
EndProject
Project("{2150E333-8FDC-42A3-9474-1A3956D46DE8}") = "NerdStore.Vendas.Application", "NerdStore.Vendas.Application", "{583F0BCB-69E2-4889-8144-52E54F69EE8E}"
EndProject
Project("{2150E333-8FDC-42A3-9474-1A3956D46DE8}") = "NerdStore.Vendas.Data", "NerdStore.Vendas.Data", "{7C942FB5-180D-4C91-B6AD-373FA2423254}"
EndProject
Project("{2150E333-8FDC-42A3-9474-1A3956D46DE8}") = "NerdStore.Vendas.Domain", "NerdStore.Vendas.Domain", "{6BC36CA3-4349-4E4D-949B-DD438C2F488C}"
EndProject
Project("{9A19103F-16F7-4668-BE54-9A1E7A4F7556}") = "NerdStore.Core", "02 - TDD\src\NerdStore.Core\NerdStore.Core.csproj", "{5DA9E687-8170-4537-B9B7-827F13D67ACB}"
EndProject
Project("{9A19103F-16F7-4668-BE54-9A1E7A4F7556}") = "NerdStore.Vendas.Application", "02 - TDD\src\NerdStore.Vendas.Application\NerdStore.Vendas.Application.csproj", "{A0101AD6-971A-4F1D-A5EC-9555AC0A5372}"
EndProject
Project("{9A19103F-16F7-4668-BE54-9A1E7A4F7556}") = "NerdStore.Vendas.Data", "02 - TDD\src\NerdStore.Vendas.Data\NerdStore.Vendas.Data.csproj", "{B69673AE-335D-4353-8FBA-F44C7E36458E}"
EndProject
Project("{9A19103F-16F7-4668-BE54-9A1E7A4F7556}") = "NerdStore.Vendas.Domain", "02 - TDD\src\NerdStore.Vendas.Domain\NerdStore.Vendas.Domain.csproj", "{A90B7CEE-15D7-421A-9F0E-FCA697EA4462}"
EndProject
Project("{2150E333-8FDC-42A3-9474-1A3956D46DE8}") = "NerdStore.Vendas.Application.Tests", "NerdStore.Vendas.Application.Tests", "{617090EF-211A-446A-889E-4C03C5A9AE21}"
EndProject
Project("{2150E333-8FDC-42A3-9474-1A3956D46DE8}") = "NerdStore.Vendas.Domain.Tests", "NerdStore.Vendas.Domain.Tests", "{1448FD07-0945-4A04-BD6B-327F08B19EE0}"
EndProject
Project("{9A19103F-16F7-4668-BE54-9A1E7A4F7556}") = "NerdStore.Vendas.Application.Tests", "02 - TDD\tests\NerdStore.Vendas.Application.Tests\NerdStore.Vendas.Application.Tests.csproj", "{291A6AB4-442F-4DC2-89CE-9985AC809689}"
EndProject
Project("{9A19103F-16F7-4668-BE54-9A1E7A4F7556}") = "NerdStore.Vendas.Domain.Tests", "02 - TDD\tests\NerdStore.Vendas.Domain.Tests\NerdStore.Vendas.Domain.Tests.csproj", "{E6ABAAF2-052A-4297-BEDC-BEFF25CDC8D5}"
EndProject
Global
	GlobalSection(SolutionConfigurationPlatforms) = preSolution
		Debug|Any CPU = Debug|Any CPU
		Release|Any CPU = Release|Any CPU
	EndGlobalSection
	GlobalSection(ProjectConfigurationPlatforms) = postSolution
		{246D1323-401C-49DA-AB69-8354BA2CAC2A}.Debug|Any CPU.ActiveCfg = Debug|Any CPU
		{246D1323-401C-49DA-AB69-8354BA2CAC2A}.Debug|Any CPU.Build.0 = Debug|Any CPU
		{246D1323-401C-49DA-AB69-8354BA2CAC2A}.Release|Any CPU.ActiveCfg = Release|Any CPU
		{246D1323-401C-49DA-AB69-8354BA2CAC2A}.Release|Any CPU.Build.0 = Release|Any CPU
		{4F44A430-BC84-42E5-9340-38D38AC2BA63}.Debug|Any CPU.ActiveCfg = Debug|Any CPU
		{4F44A430-BC84-42E5-9340-38D38AC2BA63}.Debug|Any CPU.Build.0 = Debug|Any CPU
		{4F44A430-BC84-42E5-9340-38D38AC2BA63}.Release|Any CPU.ActiveCfg = Release|Any CPU
		{4F44A430-BC84-42E5-9340-38D38AC2BA63}.Release|Any CPU.Build.0 = Release|Any CPU
		{F3227277-7CCF-4854-AB36-0D0D6BBA47BB}.Debug|Any CPU.ActiveCfg = Debug|Any CPU
		{F3227277-7CCF-4854-AB36-0D0D6BBA47BB}.Debug|Any CPU.Build.0 = Debug|Any CPU
		{F3227277-7CCF-4854-AB36-0D0D6BBA47BB}.Release|Any CPU.ActiveCfg = Release|Any CPU
		{F3227277-7CCF-4854-AB36-0D0D6BBA47BB}.Release|Any CPU.Build.0 = Release|Any CPU
		{AFF5C7A0-A49F-4EFA-9732-8728A4AD68C9}.Debug|Any CPU.ActiveCfg = Debug|Any CPU
		{AFF5C7A0-A49F-4EFA-9732-8728A4AD68C9}.Debug|Any CPU.Build.0 = Debug|Any CPU
		{AFF5C7A0-A49F-4EFA-9732-8728A4AD68C9}.Release|Any CPU.ActiveCfg = Release|Any CPU
		{AFF5C7A0-A49F-4EFA-9732-8728A4AD68C9}.Release|Any CPU.Build.0 = Release|Any CPU
		{5DA9E687-8170-4537-B9B7-827F13D67ACB}.Debug|Any CPU.ActiveCfg = Debug|Any CPU
		{5DA9E687-8170-4537-B9B7-827F13D67ACB}.Debug|Any CPU.Build.0 = Debug|Any CPU
		{5DA9E687-8170-4537-B9B7-827F13D67ACB}.Release|Any CPU.ActiveCfg = Release|Any CPU
		{5DA9E687-8170-4537-B9B7-827F13D67ACB}.Release|Any CPU.Build.0 = Release|Any CPU
		{A0101AD6-971A-4F1D-A5EC-9555AC0A5372}.Debug|Any CPU.ActiveCfg = Debug|Any CPU
		{A0101AD6-971A-4F1D-A5EC-9555AC0A5372}.Debug|Any CPU.Build.0 = Debug|Any CPU
		{A0101AD6-971A-4F1D-A5EC-9555AC0A5372}.Release|Any CPU.ActiveCfg = Release|Any CPU
		{A0101AD6-971A-4F1D-A5EC-9555AC0A5372}.Release|Any CPU.Build.0 = Release|Any CPU
		{B69673AE-335D-4353-8FBA-F44C7E36458E}.Debug|Any CPU.ActiveCfg = Debug|Any CPU
		{B69673AE-335D-4353-8FBA-F44C7E36458E}.Debug|Any CPU.Build.0 = Debug|Any CPU
		{B69673AE-335D-4353-8FBA-F44C7E36458E}.Release|Any CPU.ActiveCfg = Release|Any CPU
		{B69673AE-335D-4353-8FBA-F44C7E36458E}.Release|Any CPU.Build.0 = Release|Any CPU
		{A90B7CEE-15D7-421A-9F0E-FCA697EA4462}.Debug|Any CPU.ActiveCfg = Debug|Any CPU
		{A90B7CEE-15D7-421A-9F0E-FCA697EA4462}.Debug|Any CPU.Build.0 = Debug|Any CPU
		{A90B7CEE-15D7-421A-9F0E-FCA697EA4462}.Release|Any CPU.ActiveCfg = Release|Any CPU
		{A90B7CEE-15D7-421A-9F0E-FCA697EA4462}.Release|Any CPU.Build.0 = Release|Any CPU
		{291A6AB4-442F-4DC2-89CE-9985AC809689}.Debug|Any CPU.ActiveCfg = Debug|Any CPU
		{291A6AB4-442F-4DC2-89CE-9985AC809689}.Debug|Any CPU.Build.0 = Debug|Any CPU
		{291A6AB4-442F-4DC2-89CE-9985AC809689}.Release|Any CPU.ActiveCfg = Release|Any CPU
		{291A6AB4-442F-4DC2-89CE-9985AC809689}.Release|Any CPU.Build.0 = Release|Any CPU
		{E6ABAAF2-052A-4297-BEDC-BEFF25CDC8D5}.Debug|Any CPU.ActiveCfg = Debug|Any CPU
		{E6ABAAF2-052A-4297-BEDC-BEFF25CDC8D5}.Debug|Any CPU.Build.0 = Debug|Any CPU
		{E6ABAAF2-052A-4297-BEDC-BEFF25CDC8D5}.Release|Any CPU.ActiveCfg = Release|Any CPU
		{E6ABAAF2-052A-4297-BEDC-BEFF25CDC8D5}.Release|Any CPU.Build.0 = Release|Any CPU
	EndGlobalSection
	GlobalSection(SolutionProperties) = preSolution
		HideSolutionNode = FALSE
	EndGlobalSection
	GlobalSection(NestedProjects) = preSolution
		{BFB42658-9528-4813-9813-575D8B4F733E} = {7431B090-D75F-4433-9F36-04B39A82281A}
		{246D1323-401C-49DA-AB69-8354BA2CAC2A} = {BFB42658-9528-4813-9813-575D8B4F733E}
		{4F44A430-BC84-42E5-9340-38D38AC2BA63} = {BFB42658-9528-4813-9813-575D8B4F733E}
		{2D5A96F8-7FED-413E-A88D-6EAF047D5DBB} = {7431B090-D75F-4433-9F36-04B39A82281A}
		{F3227277-7CCF-4854-AB36-0D0D6BBA47BB} = {2D5A96F8-7FED-413E-A88D-6EAF047D5DBB}
		{AFF5C7A0-A49F-4EFA-9732-8728A4AD68C9} = {2D5A96F8-7FED-413E-A88D-6EAF047D5DBB}
		{87A1A549-5263-48F9-988B-6A671CE5C17C} = {59C26FC4-4018-4932-ABB8-705ED6CEA7C1}
		{1E51F3DA-12C0-4E68-BBD5-2C14B7F67347} = {59C26FC4-4018-4932-ABB8-705ED6CEA7C1}
		{27E2A4D9-D86D-465A-B0E2-E29009EED6DE} = {87A1A549-5263-48F9-988B-6A671CE5C17C}
		{583F0BCB-69E2-4889-8144-52E54F69EE8E} = {87A1A549-5263-48F9-988B-6A671CE5C17C}
		{7C942FB5-180D-4C91-B6AD-373FA2423254} = {87A1A549-5263-48F9-988B-6A671CE5C17C}
		{6BC36CA3-4349-4E4D-949B-DD438C2F488C} = {87A1A549-5263-48F9-988B-6A671CE5C17C}
		{5DA9E687-8170-4537-B9B7-827F13D67ACB} = {27E2A4D9-D86D-465A-B0E2-E29009EED6DE}
		{A0101AD6-971A-4F1D-A5EC-9555AC0A5372} = {583F0BCB-69E2-4889-8144-52E54F69EE8E}
		{B69673AE-335D-4353-8FBA-F44C7E36458E} = {7C942FB5-180D-4C91-B6AD-373FA2423254}
		{A90B7CEE-15D7-421A-9F0E-FCA697EA4462} = {6BC36CA3-4349-4E4D-949B-DD438C2F488C}
		{617090EF-211A-446A-889E-4C03C5A9AE21} = {1E51F3DA-12C0-4E68-BBD5-2C14B7F67347}
		{1448FD07-0945-4A04-BD6B-327F08B19EE0} = {1E51F3DA-12C0-4E68-BBD5-2C14B7F67347}
		{291A6AB4-442F-4DC2-89CE-9985AC809689} = {617090EF-211A-446A-889E-4C03C5A9AE21}
		{E6ABAAF2-052A-4297-BEDC-BEFF25CDC8D5} = {1448FD07-0945-4A04-BD6B-327F08B19EE0}
	EndGlobalSection
	GlobalSection(ExtensibilityGlobals) = postSolution
		SolutionGuid = {FA16DF68-D409-4848-8D5E-36F2FBF476DA}
	EndGlobalSection
EndGlobal
