
Microsoft Visual Studio Solution File, Format Version 12.00
# Visual Studio Version 16
VisualStudioVersion = 16.0.31829.152
MinimumVisualStudioVersion = 10.0.40219.1
Project("{9A19103F-16F7-4668-BE54-9A1E7A4F7556}") = "EasyNetQBus2", "WebApplication2\EasyNetQBus2.csproj", "{3360128E-37D4-4996-B6F8-ADEAA1AD7006}"
EndProject
Project("{9A19103F-16F7-4668-BE54-9A1E7A4F7556}") = "EasyNetQBus", "WebApplication3\EasyNetQBus.csproj", "{89361FFB-79CE-488C-ACDD-33733A81A869}"
EndProject
Project("{9A19103F-16F7-4668-BE54-9A1E7A4F7556}") = "MassTransitRabbitMQ", "EasyNetQRabbitMQ\MassTransitRabbitMQ.csproj", "{601FDD13-D516-44C3-B35B-63933B7CFF27}"
EndProject
Project("{9A19103F-16F7-4668-BE54-9A1E7A4F7556}") = "RebusRabbitMq", "RebusRabbitMq\RebusRabbitMq.csproj", "{89129A7C-7E47-4912-9946-214E77279EF3}"
EndProject
Project("{9A19103F-16F7-4668-BE54-9A1E7A4F7556}") = "NServiceBusRabbitMq", "NServiceBusRabbitMq\NServiceBusRabbitMq.csproj", "{2B03431E-2083-4148-A1C4-90709D03F133}"
EndProject
Project("{9A19103F-16F7-4668-BE54-9A1E7A4F7556}") = "GatewayOcelot", "Ocelot\GatewayOcelot.csproj", "{3956EFDA-B5C2-4D84-9993-2CD5F752D8D3}"
EndProject
Project("{2150E333-8FDC-42A3-9474-1A3956D46DE8}") = "Ocelot", "Ocelot", "{4535253A-2AED-466F-AFB1-B0637C04A547}"
EndProject
Project("{9A19103F-16F7-4668-BE54-9A1E7A4F7556}") = "Catalogo", "Catalogo\Catalogo.csproj", "{F0B72CA0-A516-43F3-8713-CF8FBFCB680C}"
EndProject
Project("{9A19103F-16F7-4668-BE54-9A1E7A4F7556}") = "Cliente", "Cliente\Cliente.csproj", "{A1993096-3916-495D-BD17-0C0157BA833C}"
EndProject
Project("{2150E333-8FDC-42A3-9474-1A3956D46DE8}") = "RabbitMqEventBus", "RabbitMqEventBus", "{A7940189-7377-4634-8D2D-AED7BE3E9317}"
EndProject
Project("{9A19103F-16F7-4668-BE54-9A1E7A4F7556}") = "RabbitMqBusCliente", "RabbitMqBus\RabbitMqBusCliente.csproj", "{E4817E40-04E4-487C-81EF-C1EE3BC5293D}"
EndProject
Project("{9A19103F-16F7-4668-BE54-9A1E7A4F7556}") = "EventBus.Infrastructure", "EventBus\EventBus.Infrastructure.csproj", "{DB264864-BB15-4B45-83D4-A8EA011A04FA}"
EndProject
Project("{9A19103F-16F7-4668-BE54-9A1E7A4F7556}") = "ModelsEvents", "ModelsQueue\ModelsEvents.csproj", "{6CDD6237-1A88-4E2E-9895-0E9792F9B40B}"
EndProject
Project("{9A19103F-16F7-4668-BE54-9A1E7A4F7556}") = "EventsHandlers", "EventsHandlers\EventsHandlers.csproj", "{266C5B5D-1E62-4794-912B-3A990FAA0C10}"
EndProject
Project("{9A19103F-16F7-4668-BE54-9A1E7A4F7556}") = "RabbitMqBusClienteCadastrado", "RabbitMqBusClienteCadastrado\RabbitMqBusClienteCadastrado.csproj", "{C1E1A6D1-2E21-4698-B9E5-0DC757EA349D}"
EndProject
Project("{2150E333-8FDC-42A3-9474-1A3956D46DE8}") = "Grpc", "Grpc", "{D3CB250A-64E7-43A5-AB71-865B89CB3564}"
EndProject
Project("{FAE04EC0-301F-11D3-BF4B-00C04F79EFBC}") = "GrpcProdutor", "GrpProdutor\GrpcProdutor.csproj", "{77AE1B1E-3B4C-4DE6-91BB-B649EE180697}"
EndProject
Project("{FAE04EC0-301F-11D3-BF4B-00C04F79EFBC}") = "GrpcConsumidor", "GrpcConsumidor\GrpcConsumidor.csproj", "{420EC096-06CD-407A-B5FE-72BC4C0745BE}"
EndProject
Global
	GlobalSection(SolutionConfigurationPlatforms) = preSolution
		Debug|Any CPU = Debug|Any CPU
		Release|Any CPU = Release|Any CPU
	EndGlobalSection
	GlobalSection(ProjectConfigurationPlatforms) = postSolution
		{3360128E-37D4-4996-B6F8-ADEAA1AD7006}.Debug|Any CPU.ActiveCfg = Debug|Any CPU
		{3360128E-37D4-4996-B6F8-ADEAA1AD7006}.Debug|Any CPU.Build.0 = Debug|Any CPU
		{3360128E-37D4-4996-B6F8-ADEAA1AD7006}.Release|Any CPU.ActiveCfg = Release|Any CPU
		{3360128E-37D4-4996-B6F8-ADEAA1AD7006}.Release|Any CPU.Build.0 = Release|Any CPU
		{89361FFB-79CE-488C-ACDD-33733A81A869}.Debug|Any CPU.ActiveCfg = Debug|Any CPU
		{89361FFB-79CE-488C-ACDD-33733A81A869}.Debug|Any CPU.Build.0 = Debug|Any CPU
		{89361FFB-79CE-488C-ACDD-33733A81A869}.Release|Any CPU.ActiveCfg = Release|Any CPU
		{89361FFB-79CE-488C-ACDD-33733A81A869}.Release|Any CPU.Build.0 = Release|Any CPU
		{601FDD13-D516-44C3-B35B-63933B7CFF27}.Debug|Any CPU.ActiveCfg = Debug|Any CPU
		{601FDD13-D516-44C3-B35B-63933B7CFF27}.Debug|Any CPU.Build.0 = Debug|Any CPU
		{601FDD13-D516-44C3-B35B-63933B7CFF27}.Release|Any CPU.ActiveCfg = Release|Any CPU
		{601FDD13-D516-44C3-B35B-63933B7CFF27}.Release|Any CPU.Build.0 = Release|Any CPU
		{89129A7C-7E47-4912-9946-214E77279EF3}.Debug|Any CPU.ActiveCfg = Debug|Any CPU
		{89129A7C-7E47-4912-9946-214E77279EF3}.Debug|Any CPU.Build.0 = Debug|Any CPU
		{89129A7C-7E47-4912-9946-214E77279EF3}.Release|Any CPU.ActiveCfg = Release|Any CPU
		{89129A7C-7E47-4912-9946-214E77279EF3}.Release|Any CPU.Build.0 = Release|Any CPU
		{2B03431E-2083-4148-A1C4-90709D03F133}.Debug|Any CPU.ActiveCfg = Debug|Any CPU
		{2B03431E-2083-4148-A1C4-90709D03F133}.Debug|Any CPU.Build.0 = Debug|Any CPU
		{2B03431E-2083-4148-A1C4-90709D03F133}.Release|Any CPU.ActiveCfg = Release|Any CPU
		{2B03431E-2083-4148-A1C4-90709D03F133}.Release|Any CPU.Build.0 = Release|Any CPU
		{3956EFDA-B5C2-4D84-9993-2CD5F752D8D3}.Debug|Any CPU.ActiveCfg = Debug|Any CPU
		{3956EFDA-B5C2-4D84-9993-2CD5F752D8D3}.Debug|Any CPU.Build.0 = Debug|Any CPU
		{3956EFDA-B5C2-4D84-9993-2CD5F752D8D3}.Release|Any CPU.ActiveCfg = Release|Any CPU
		{3956EFDA-B5C2-4D84-9993-2CD5F752D8D3}.Release|Any CPU.Build.0 = Release|Any CPU
		{F0B72CA0-A516-43F3-8713-CF8FBFCB680C}.Debug|Any CPU.ActiveCfg = Debug|Any CPU
		{F0B72CA0-A516-43F3-8713-CF8FBFCB680C}.Debug|Any CPU.Build.0 = Debug|Any CPU
		{F0B72CA0-A516-43F3-8713-CF8FBFCB680C}.Release|Any CPU.ActiveCfg = Release|Any CPU
		{F0B72CA0-A516-43F3-8713-CF8FBFCB680C}.Release|Any CPU.Build.0 = Release|Any CPU
		{A1993096-3916-495D-BD17-0C0157BA833C}.Debug|Any CPU.ActiveCfg = Debug|Any CPU
		{A1993096-3916-495D-BD17-0C0157BA833C}.Debug|Any CPU.Build.0 = Debug|Any CPU
		{A1993096-3916-495D-BD17-0C0157BA833C}.Release|Any CPU.ActiveCfg = Release|Any CPU
		{A1993096-3916-495D-BD17-0C0157BA833C}.Release|Any CPU.Build.0 = Release|Any CPU
		{E4817E40-04E4-487C-81EF-C1EE3BC5293D}.Debug|Any CPU.ActiveCfg = Debug|Any CPU
		{E4817E40-04E4-487C-81EF-C1EE3BC5293D}.Debug|Any CPU.Build.0 = Debug|Any CPU
		{E4817E40-04E4-487C-81EF-C1EE3BC5293D}.Release|Any CPU.ActiveCfg = Release|Any CPU
		{E4817E40-04E4-487C-81EF-C1EE3BC5293D}.Release|Any CPU.Build.0 = Release|Any CPU
		{DB264864-BB15-4B45-83D4-A8EA011A04FA}.Debug|Any CPU.ActiveCfg = Debug|Any CPU
		{DB264864-BB15-4B45-83D4-A8EA011A04FA}.Debug|Any CPU.Build.0 = Debug|Any CPU
		{DB264864-BB15-4B45-83D4-A8EA011A04FA}.Release|Any CPU.ActiveCfg = Release|Any CPU
		{DB264864-BB15-4B45-83D4-A8EA011A04FA}.Release|Any CPU.Build.0 = Release|Any CPU
		{6CDD6237-1A88-4E2E-9895-0E9792F9B40B}.Debug|Any CPU.ActiveCfg = Debug|Any CPU
		{6CDD6237-1A88-4E2E-9895-0E9792F9B40B}.Debug|Any CPU.Build.0 = Debug|Any CPU
		{6CDD6237-1A88-4E2E-9895-0E9792F9B40B}.Release|Any CPU.ActiveCfg = Release|Any CPU
		{6CDD6237-1A88-4E2E-9895-0E9792F9B40B}.Release|Any CPU.Build.0 = Release|Any CPU
		{266C5B5D-1E62-4794-912B-3A990FAA0C10}.Debug|Any CPU.ActiveCfg = Debug|Any CPU
		{266C5B5D-1E62-4794-912B-3A990FAA0C10}.Debug|Any CPU.Build.0 = Debug|Any CPU
		{266C5B5D-1E62-4794-912B-3A990FAA0C10}.Release|Any CPU.ActiveCfg = Release|Any CPU
		{266C5B5D-1E62-4794-912B-3A990FAA0C10}.Release|Any CPU.Build.0 = Release|Any CPU
		{C1E1A6D1-2E21-4698-B9E5-0DC757EA349D}.Debug|Any CPU.ActiveCfg = Debug|Any CPU
		{C1E1A6D1-2E21-4698-B9E5-0DC757EA349D}.Debug|Any CPU.Build.0 = Debug|Any CPU
		{C1E1A6D1-2E21-4698-B9E5-0DC757EA349D}.Release|Any CPU.ActiveCfg = Release|Any CPU
		{C1E1A6D1-2E21-4698-B9E5-0DC757EA349D}.Release|Any CPU.Build.0 = Release|Any CPU
		{77AE1B1E-3B4C-4DE6-91BB-B649EE180697}.Debug|Any CPU.ActiveCfg = Debug|Any CPU
		{77AE1B1E-3B4C-4DE6-91BB-B649EE180697}.Debug|Any CPU.Build.0 = Debug|Any CPU
		{77AE1B1E-3B4C-4DE6-91BB-B649EE180697}.Release|Any CPU.ActiveCfg = Release|Any CPU
		{77AE1B1E-3B4C-4DE6-91BB-B649EE180697}.Release|Any CPU.Build.0 = Release|Any CPU
		{420EC096-06CD-407A-B5FE-72BC4C0745BE}.Debug|Any CPU.ActiveCfg = Debug|Any CPU
		{420EC096-06CD-407A-B5FE-72BC4C0745BE}.Debug|Any CPU.Build.0 = Debug|Any CPU
		{420EC096-06CD-407A-B5FE-72BC4C0745BE}.Release|Any CPU.ActiveCfg = Release|Any CPU
		{420EC096-06CD-407A-B5FE-72BC4C0745BE}.Release|Any CPU.Build.0 = Release|Any CPU
	EndGlobalSection
	GlobalSection(SolutionProperties) = preSolution
		HideSolutionNode = FALSE
	EndGlobalSection
	GlobalSection(NestedProjects) = preSolution
		{3956EFDA-B5C2-4D84-9993-2CD5F752D8D3} = {4535253A-2AED-466F-AFB1-B0637C04A547}
		{F0B72CA0-A516-43F3-8713-CF8FBFCB680C} = {4535253A-2AED-466F-AFB1-B0637C04A547}
		{A1993096-3916-495D-BD17-0C0157BA833C} = {4535253A-2AED-466F-AFB1-B0637C04A547}
		{E4817E40-04E4-487C-81EF-C1EE3BC5293D} = {A7940189-7377-4634-8D2D-AED7BE3E9317}
		{DB264864-BB15-4B45-83D4-A8EA011A04FA} = {A7940189-7377-4634-8D2D-AED7BE3E9317}
		{6CDD6237-1A88-4E2E-9895-0E9792F9B40B} = {A7940189-7377-4634-8D2D-AED7BE3E9317}
		{266C5B5D-1E62-4794-912B-3A990FAA0C10} = {A7940189-7377-4634-8D2D-AED7BE3E9317}
		{C1E1A6D1-2E21-4698-B9E5-0DC757EA349D} = {A7940189-7377-4634-8D2D-AED7BE3E9317}
		{77AE1B1E-3B4C-4DE6-91BB-B649EE180697} = {D3CB250A-64E7-43A5-AB71-865B89CB3564}
		{420EC096-06CD-407A-B5FE-72BC4C0745BE} = {D3CB250A-64E7-43A5-AB71-865B89CB3564}
	EndGlobalSection
	GlobalSection(ExtensibilityGlobals) = postSolution
		SolutionGuid = {89B80581-AD7A-4056-A406-1D728630613A}
	EndGlobalSection
EndGlobal
