
Microsoft Visual Studio Solution File, Format Version 12.00
# Visual Studio Version 16
VisualStudioVersion = 16.0.29728.190
MinimumVisualStudioVersion = 10.0.40219.1
Project("{9A19103F-16F7-4668-BE54-9A1E7A4F7556}") = "DBFirst_Demo1", "DBFirst_Demo1\DBFirst_Demo1.csproj", "{80B441EE-D5E1-4E41-804A-F8950C6D772D}"
EndProject
Project("{9A19103F-16F7-4668-BE54-9A1E7A4F7556}") = "EFCore_CodeFirst_PopulaDB", "EFCore_CodeFirst_PopulaDB\EFCore_CodeFirst_PopulaDB.csproj", "{FEAD1C7C-08CC-4444-8405-E50688D45935}"
EndProject
Project("{9A19103F-16F7-4668-BE54-9A1E7A4F7556}") = "EFCore_IncluiDados", "EFCore_IncluiDados\EFCore_IncluiDados.csproj", "{156871B6-8DCF-4F7C-8746-F7ACB0F2C108}"
EndProject
Project("{9A19103F-16F7-4668-BE54-9A1E7A4F7556}") = "EFCore_AtualizaDados", "EFCore_AtualizaDados\EFCore_AtualizaDados.csproj", "{7CD19171-A3A8-47FB-93B4-51CD4F153F6E}"
EndProject
Project("{9A19103F-16F7-4668-BE54-9A1E7A4F7556}") = "ExcluirDados", "ExcluirDados\ExcluirDados.csproj", "{8260C005-D870-41A1-89FC-2DAD6044B51F}"
EndProject
Project("{9A19103F-16F7-4668-BE54-9A1E7A4F7556}") = "EFCore_VariasOperacoes", "EFCore_VariasOperacoes\EFCore_VariasOperacoes.csproj", "{D6028603-1762-4788-A088-9140BB7DC7A1}"
EndProject
Project("{9A19103F-16F7-4668-BE54-9A1E7A4F7556}") = "EFCore_ChaveEstrangeira", "EFCore_ChaveEstrangeira\EFCore_ChaveEstrangeira.csproj", "{CC56AF1B-8CE1-4714-AC13-B4C44CFB8715}"
EndProject
Project("{9A19103F-16F7-4668-BE54-9A1E7A4F7556}") = "EFCore_Configuracao", "EFCore_Configuracao\EFCore_Configuracao.csproj", "{471B095E-7BCF-450A-8223-6F83CE56FDED}"
EndProject
Project("{9A19103F-16F7-4668-BE54-9A1E7A4F7556}") = "EFCore_Configuracao2", "EFCore_Configuracao2\EFCore_Configuracao2.csproj", "{5EA5D2F3-8F32-434C-89A5-57E4C1BB7B13}"
EndProject
Project("{9A19103F-16F7-4668-BE54-9A1E7A4F7556}") = "EFCore_FluentAPI_Model", "EFCore_FluentAPI_Model\EFCore_FluentAPI_Model.csproj", "{3E9EB8C4-537F-476F-80A2-61ED5580CA26}"
EndProject
Project("{FAE04EC0-301F-11D3-BF4B-00C04F79EFBC}") = "EFCore_FluentAPI_Entity", "EFCore_FluentAPI_Entity\EFCore_FluentAPI_Entity.csproj", "{A5BE8D98-6F95-4AE9-B849-2DE4276096DA}"
EndProject
Project("{FAE04EC0-301F-11D3-BF4B-00C04F79EFBC}") = "EFCore_Relacionamentos1", "EFCore_Relacionamentos1\EFCore_Relacionamentos1.csproj", "{32793D4D-BC13-4A8D-A467-E2C6D9C25504}"
EndProject
Project("{FAE04EC0-301F-11D3-BF4B-00C04F79EFBC}") = "GerenciaEstado", "GerenciaEstado\GerenciaEstado.csproj", "{73BDAB3A-016A-4CBD-839C-C4177E94FCC2}"
EndProject
Project("{FAE04EC0-301F-11D3-BF4B-00C04F79EFBC}") = "EFCore_Concorrencia", "EFCore_Concorrencia\EFCore_Concorrencia.csproj", "{CA0654DC-EE64-430F-A0E4-7430FC10114A}"
EndProject
Project("{FAE04EC0-301F-11D3-BF4B-00C04F79EFBC}") = "EFCore_FunctionScalar", "EFCore_FunctionScalar\EFCore_FunctionScalar.csproj", "{4A08EE3C-E250-4D20-9275-B8728951E1E9}"
EndProject
Global
	GlobalSection(SolutionConfigurationPlatforms) = preSolution
		Debug|Any CPU = Debug|Any CPU
		Release|Any CPU = Release|Any CPU
	EndGlobalSection
	GlobalSection(ProjectConfigurationPlatforms) = postSolution
		{80B441EE-D5E1-4E41-804A-F8950C6D772D}.Debug|Any CPU.ActiveCfg = Debug|Any CPU
		{80B441EE-D5E1-4E41-804A-F8950C6D772D}.Debug|Any CPU.Build.0 = Debug|Any CPU
		{80B441EE-D5E1-4E41-804A-F8950C6D772D}.Release|Any CPU.ActiveCfg = Release|Any CPU
		{80B441EE-D5E1-4E41-804A-F8950C6D772D}.Release|Any CPU.Build.0 = Release|Any CPU
		{FEAD1C7C-08CC-4444-8405-E50688D45935}.Debug|Any CPU.ActiveCfg = Debug|Any CPU
		{FEAD1C7C-08CC-4444-8405-E50688D45935}.Debug|Any CPU.Build.0 = Debug|Any CPU
		{FEAD1C7C-08CC-4444-8405-E50688D45935}.Release|Any CPU.ActiveCfg = Release|Any CPU
		{FEAD1C7C-08CC-4444-8405-E50688D45935}.Release|Any CPU.Build.0 = Release|Any CPU
		{156871B6-8DCF-4F7C-8746-F7ACB0F2C108}.Debug|Any CPU.ActiveCfg = Debug|Any CPU
		{156871B6-8DCF-4F7C-8746-F7ACB0F2C108}.Debug|Any CPU.Build.0 = Debug|Any CPU
		{156871B6-8DCF-4F7C-8746-F7ACB0F2C108}.Release|Any CPU.ActiveCfg = Release|Any CPU
		{156871B6-8DCF-4F7C-8746-F7ACB0F2C108}.Release|Any CPU.Build.0 = Release|Any CPU
		{7CD19171-A3A8-47FB-93B4-51CD4F153F6E}.Debug|Any CPU.ActiveCfg = Debug|Any CPU
		{7CD19171-A3A8-47FB-93B4-51CD4F153F6E}.Debug|Any CPU.Build.0 = Debug|Any CPU
		{7CD19171-A3A8-47FB-93B4-51CD4F153F6E}.Release|Any CPU.ActiveCfg = Release|Any CPU
		{7CD19171-A3A8-47FB-93B4-51CD4F153F6E}.Release|Any CPU.Build.0 = Release|Any CPU
		{8260C005-D870-41A1-89FC-2DAD6044B51F}.Debug|Any CPU.ActiveCfg = Debug|Any CPU
		{8260C005-D870-41A1-89FC-2DAD6044B51F}.Debug|Any CPU.Build.0 = Debug|Any CPU
		{8260C005-D870-41A1-89FC-2DAD6044B51F}.Release|Any CPU.ActiveCfg = Release|Any CPU
		{8260C005-D870-41A1-89FC-2DAD6044B51F}.Release|Any CPU.Build.0 = Release|Any CPU
		{D6028603-1762-4788-A088-9140BB7DC7A1}.Debug|Any CPU.ActiveCfg = Debug|Any CPU
		{D6028603-1762-4788-A088-9140BB7DC7A1}.Debug|Any CPU.Build.0 = Debug|Any CPU
		{D6028603-1762-4788-A088-9140BB7DC7A1}.Release|Any CPU.ActiveCfg = Release|Any CPU
		{D6028603-1762-4788-A088-9140BB7DC7A1}.Release|Any CPU.Build.0 = Release|Any CPU
		{CC56AF1B-8CE1-4714-AC13-B4C44CFB8715}.Debug|Any CPU.ActiveCfg = Debug|Any CPU
		{CC56AF1B-8CE1-4714-AC13-B4C44CFB8715}.Debug|Any CPU.Build.0 = Debug|Any CPU
		{CC56AF1B-8CE1-4714-AC13-B4C44CFB8715}.Release|Any CPU.ActiveCfg = Release|Any CPU
		{CC56AF1B-8CE1-4714-AC13-B4C44CFB8715}.Release|Any CPU.Build.0 = Release|Any CPU
		{471B095E-7BCF-450A-8223-6F83CE56FDED}.Debug|Any CPU.ActiveCfg = Debug|Any CPU
		{471B095E-7BCF-450A-8223-6F83CE56FDED}.Debug|Any CPU.Build.0 = Debug|Any CPU
		{471B095E-7BCF-450A-8223-6F83CE56FDED}.Release|Any CPU.ActiveCfg = Release|Any CPU
		{471B095E-7BCF-450A-8223-6F83CE56FDED}.Release|Any CPU.Build.0 = Release|Any CPU
		{5EA5D2F3-8F32-434C-89A5-57E4C1BB7B13}.Debug|Any CPU.ActiveCfg = Debug|Any CPU
		{5EA5D2F3-8F32-434C-89A5-57E4C1BB7B13}.Debug|Any CPU.Build.0 = Debug|Any CPU
		{5EA5D2F3-8F32-434C-89A5-57E4C1BB7B13}.Release|Any CPU.ActiveCfg = Release|Any CPU
		{5EA5D2F3-8F32-434C-89A5-57E4C1BB7B13}.Release|Any CPU.Build.0 = Release|Any CPU
		{3E9EB8C4-537F-476F-80A2-61ED5580CA26}.Debug|Any CPU.ActiveCfg = Debug|Any CPU
		{3E9EB8C4-537F-476F-80A2-61ED5580CA26}.Debug|Any CPU.Build.0 = Debug|Any CPU
		{3E9EB8C4-537F-476F-80A2-61ED5580CA26}.Release|Any CPU.ActiveCfg = Release|Any CPU
		{3E9EB8C4-537F-476F-80A2-61ED5580CA26}.Release|Any CPU.Build.0 = Release|Any CPU
		{A5BE8D98-6F95-4AE9-B849-2DE4276096DA}.Debug|Any CPU.ActiveCfg = Debug|Any CPU
		{A5BE8D98-6F95-4AE9-B849-2DE4276096DA}.Debug|Any CPU.Build.0 = Debug|Any CPU
		{A5BE8D98-6F95-4AE9-B849-2DE4276096DA}.Release|Any CPU.ActiveCfg = Release|Any CPU
		{A5BE8D98-6F95-4AE9-B849-2DE4276096DA}.Release|Any CPU.Build.0 = Release|Any CPU
		{32793D4D-BC13-4A8D-A467-E2C6D9C25504}.Debug|Any CPU.ActiveCfg = Debug|Any CPU
		{32793D4D-BC13-4A8D-A467-E2C6D9C25504}.Debug|Any CPU.Build.0 = Debug|Any CPU
		{32793D4D-BC13-4A8D-A467-E2C6D9C25504}.Release|Any CPU.ActiveCfg = Release|Any CPU
		{32793D4D-BC13-4A8D-A467-E2C6D9C25504}.Release|Any CPU.Build.0 = Release|Any CPU
		{73BDAB3A-016A-4CBD-839C-C4177E94FCC2}.Debug|Any CPU.ActiveCfg = Debug|Any CPU
		{73BDAB3A-016A-4CBD-839C-C4177E94FCC2}.Debug|Any CPU.Build.0 = Debug|Any CPU
		{73BDAB3A-016A-4CBD-839C-C4177E94FCC2}.Release|Any CPU.ActiveCfg = Release|Any CPU
		{73BDAB3A-016A-4CBD-839C-C4177E94FCC2}.Release|Any CPU.Build.0 = Release|Any CPU
		{CA0654DC-EE64-430F-A0E4-7430FC10114A}.Debug|Any CPU.ActiveCfg = Debug|Any CPU
		{CA0654DC-EE64-430F-A0E4-7430FC10114A}.Debug|Any CPU.Build.0 = Debug|Any CPU
		{CA0654DC-EE64-430F-A0E4-7430FC10114A}.Release|Any CPU.ActiveCfg = Release|Any CPU
		{CA0654DC-EE64-430F-A0E4-7430FC10114A}.Release|Any CPU.Build.0 = Release|Any CPU
		{4A08EE3C-E250-4D20-9275-B8728951E1E9}.Debug|Any CPU.ActiveCfg = Debug|Any CPU
		{4A08EE3C-E250-4D20-9275-B8728951E1E9}.Debug|Any CPU.Build.0 = Debug|Any CPU
		{4A08EE3C-E250-4D20-9275-B8728951E1E9}.Release|Any CPU.ActiveCfg = Release|Any CPU
		{4A08EE3C-E250-4D20-9275-B8728951E1E9}.Release|Any CPU.Build.0 = Release|Any CPU
	EndGlobalSection
	GlobalSection(SolutionProperties) = preSolution
		HideSolutionNode = FALSE
	EndGlobalSection
	GlobalSection(ExtensibilityGlobals) = postSolution
		SolutionGuid = {C7305344-CAE8-44D0-A62B-0B6A41F26C55}
	EndGlobalSection
EndGlobal
