
Microsoft Visual Studio Solution File, Format Version 12.00
# Visual Studio Version 16
VisualStudioVersion = 16.0.30002.166
MinimumVisualStudioVersion = 10.0.40219.1
Project("{FAE04EC0-301F-11D3-BF4B-00C04F79EFBC}") = "ServiceBus.RabbitMq", "ServiceBus.RabbitMq\ServiceBus.RabbitMq.csproj", "{AC47477F-FC89-4B14-AE6C-04D79A0B2785}"
EndProject
Global
	GlobalSection(SolutionConfigurationPlatforms) = preSolution
		Debug|Any CPU = Debug|Any CPU
		Release|Any CPU = Release|Any CPU
	EndGlobalSection
	GlobalSection(ProjectConfigurationPlatforms) = postSolution
		{AC47477F-FC89-4B14-AE6C-04D79A0B2785}.Debug|Any CPU.ActiveCfg = Debug|Any CPU
		{AC47477F-FC89-4B14-AE6C-04D79A0B2785}.Debug|Any CPU.Build.0 = Debug|Any CPU
		{AC47477F-FC89-4B14-AE6C-04D79A0B2785}.Release|Any CPU.ActiveCfg = Release|Any CPU
		{AC47477F-FC89-4B14-AE6C-04D79A0B2785}.Release|Any CPU.Build.0 = Release|Any CPU
	EndGlobalSection
	GlobalSection(SolutionProperties) = preSolution
		HideSolutionNode = FALSE
	EndGlobalSection
	GlobalSection(ExtensibilityGlobals) = postSolution
		SolutionGuid = {B99AD6B7-1778-4AFF-BB61-DFF655FAFDC1}
	EndGlobalSection
EndGlobal
