
Microsoft Visual Studio Solution File, Format Version 12.00
# Visual Studio Version 17
VisualStudioVersion = 17.3.32811.315
MinimumVisualStudioVersion = 10.0.40219.1
Project("{2150E333-8FDC-42A3-9474-1A3956D46DE8}") = "Api", "Api", "{BE61405D-F41B-4DD1-BB46-AB6F8A748FCD}"
EndProject
Project("{9A19103F-16F7-4668-BE54-9A1E7A4F7556}") = "SexFriend.Cadastro", "SexFriend.Cadastro\SexFriend.Cadastro.csproj", "{34FEAFC5-BB29-485F-B3C4-09AF6E14210D}"
EndProject
Project("{2150E333-8FDC-42A3-9474-1A3956D46DE8}") = "EventsInfra", "EventsInfra", "{E481DC89-55B9-4604-B4AC-95C0D60A1932}"
EndProject
Project("{9A19103F-16F7-4668-BE54-9A1E7A4F7556}") = "SexFriend.EventsInfra", "SexFriend.EventsInfra\SexFriend.EventsInfra.csproj", "{5B33FE33-1331-40E8-BE7F-C44CB9AD1D78}"
EndProject
Project("{2150E333-8FDC-42A3-9474-1A3956D46DE8}") = "EventsModels", "EventsModels", "{32E1701F-4378-4604-96F3-B14287899DB1}"
EndProject
Project("{9A19103F-16F7-4668-BE54-9A1E7A4F7556}") = "SexFriend.EventsModels", "SexFriend.EventsModels\SexFriend.EventsModels.csproj", "{A9D9D707-007C-4E85-B759-C3793D9654C9}"
EndProject
Project("{2150E333-8FDC-42A3-9474-1A3956D46DE8}") = "EventsHandlres", "EventsHandlres", "{42215EB6-8E9B-4FEC-8DDE-ECE4A73B26E7}"
EndProject
Project("{9A19103F-16F7-4668-BE54-9A1E7A4F7556}") = "SexFriend.EventsHandlers", "SexFriend.EventsHandlers\SexFriend.EventsHandlers.csproj", "{99C3FAFC-506C-4D6C-90CD-3D3A6AC50CA7}"
EndProject
Project("{2150E333-8FDC-42A3-9474-1A3956D46DE8}") = "Entities", "Entities", "{5604B76A-07FC-4556-A691-9BD1940DD186}"
EndProject
Project("{9A19103F-16F7-4668-BE54-9A1E7A4F7556}") = "SexFriend.Entities", "SexFriend.Entities\SexFriend.Entities.csproj", "{D66186AF-8182-47AE-ADA3-A555DF84432A}"
EndProject
Project("{2150E333-8FDC-42A3-9474-1A3956D46DE8}") = "Data", "Data", "{C3233D8C-C141-40FC-998D-6E533E36B444}"
EndProject
Project("{9A19103F-16F7-4668-BE54-9A1E7A4F7556}") = "SexFriend.Data", "SexFriend.Data\SexFriend.Data.csproj", "{C6EF14E7-6A3E-4B50-BF63-FB9E5A004DCE}"
EndProject
Project("{2150E333-8FDC-42A3-9474-1A3956D46DE8}") = "Core", "Core", "{62DE2074-B074-460F-AE8D-CFF5361304FF}"
EndProject
Project("{9A19103F-16F7-4668-BE54-9A1E7A4F7556}") = "SexFriend.System", "SexFriend.System\SexFriend.System.csproj", "{1E602F39-ED04-4A12-B442-1569890372EF}"
EndProject
Project("{2150E333-8FDC-42A3-9474-1A3956D46DE8}") = "Repository", "Repository", "{F0B502AA-84CA-47BF-AF26-85C0008DA211}"
EndProject
Project("{FAE04EC0-301F-11D3-BF4B-00C04F79EFBC}") = "SexFriend.Repository", "SexFriend.Repository\SexFriend.Repository.csproj", "{62BCCF1E-01A7-4062-AC64-4BB94B7B70B4}"
EndProject
Global
	GlobalSection(SolutionConfigurationPlatforms) = preSolution
		Debug|Any CPU = Debug|Any CPU
		Release|Any CPU = Release|Any CPU
	EndGlobalSection
	GlobalSection(ProjectConfigurationPlatforms) = postSolution
		{34FEAFC5-BB29-485F-B3C4-09AF6E14210D}.Debug|Any CPU.ActiveCfg = Debug|Any CPU
		{34FEAFC5-BB29-485F-B3C4-09AF6E14210D}.Debug|Any CPU.Build.0 = Debug|Any CPU
		{34FEAFC5-BB29-485F-B3C4-09AF6E14210D}.Release|Any CPU.ActiveCfg = Release|Any CPU
		{34FEAFC5-BB29-485F-B3C4-09AF6E14210D}.Release|Any CPU.Build.0 = Release|Any CPU
		{5B33FE33-1331-40E8-BE7F-C44CB9AD1D78}.Debug|Any CPU.ActiveCfg = Debug|Any CPU
		{5B33FE33-1331-40E8-BE7F-C44CB9AD1D78}.Debug|Any CPU.Build.0 = Debug|Any CPU
		{5B33FE33-1331-40E8-BE7F-C44CB9AD1D78}.Release|Any CPU.ActiveCfg = Release|Any CPU
		{5B33FE33-1331-40E8-BE7F-C44CB9AD1D78}.Release|Any CPU.Build.0 = Release|Any CPU
		{A9D9D707-007C-4E85-B759-C3793D9654C9}.Debug|Any CPU.ActiveCfg = Debug|Any CPU
		{A9D9D707-007C-4E85-B759-C3793D9654C9}.Debug|Any CPU.Build.0 = Debug|Any CPU
		{A9D9D707-007C-4E85-B759-C3793D9654C9}.Release|Any CPU.ActiveCfg = Release|Any CPU
		{A9D9D707-007C-4E85-B759-C3793D9654C9}.Release|Any CPU.Build.0 = Release|Any CPU
		{99C3FAFC-506C-4D6C-90CD-3D3A6AC50CA7}.Debug|Any CPU.ActiveCfg = Debug|Any CPU
		{99C3FAFC-506C-4D6C-90CD-3D3A6AC50CA7}.Debug|Any CPU.Build.0 = Debug|Any CPU
		{99C3FAFC-506C-4D6C-90CD-3D3A6AC50CA7}.Release|Any CPU.ActiveCfg = Release|Any CPU
		{99C3FAFC-506C-4D6C-90CD-3D3A6AC50CA7}.Release|Any CPU.Build.0 = Release|Any CPU
		{D66186AF-8182-47AE-ADA3-A555DF84432A}.Debug|Any CPU.ActiveCfg = Debug|Any CPU
		{D66186AF-8182-47AE-ADA3-A555DF84432A}.Debug|Any CPU.Build.0 = Debug|Any CPU
		{D66186AF-8182-47AE-ADA3-A555DF84432A}.Release|Any CPU.ActiveCfg = Release|Any CPU
		{D66186AF-8182-47AE-ADA3-A555DF84432A}.Release|Any CPU.Build.0 = Release|Any CPU
		{C6EF14E7-6A3E-4B50-BF63-FB9E5A004DCE}.Debug|Any CPU.ActiveCfg = Debug|Any CPU
		{C6EF14E7-6A3E-4B50-BF63-FB9E5A004DCE}.Debug|Any CPU.Build.0 = Debug|Any CPU
		{C6EF14E7-6A3E-4B50-BF63-FB9E5A004DCE}.Release|Any CPU.ActiveCfg = Release|Any CPU
		{C6EF14E7-6A3E-4B50-BF63-FB9E5A004DCE}.Release|Any CPU.Build.0 = Release|Any CPU
		{1E602F39-ED04-4A12-B442-1569890372EF}.Debug|Any CPU.ActiveCfg = Debug|Any CPU
		{1E602F39-ED04-4A12-B442-1569890372EF}.Debug|Any CPU.Build.0 = Debug|Any CPU
		{1E602F39-ED04-4A12-B442-1569890372EF}.Release|Any CPU.ActiveCfg = Release|Any CPU
		{1E602F39-ED04-4A12-B442-1569890372EF}.Release|Any CPU.Build.0 = Release|Any CPU
		{62BCCF1E-01A7-4062-AC64-4BB94B7B70B4}.Debug|Any CPU.ActiveCfg = Debug|Any CPU
		{62BCCF1E-01A7-4062-AC64-4BB94B7B70B4}.Debug|Any CPU.Build.0 = Debug|Any CPU
		{62BCCF1E-01A7-4062-AC64-4BB94B7B70B4}.Release|Any CPU.ActiveCfg = Release|Any CPU
		{62BCCF1E-01A7-4062-AC64-4BB94B7B70B4}.Release|Any CPU.Build.0 = Release|Any CPU
	EndGlobalSection
	GlobalSection(SolutionProperties) = preSolution
		HideSolutionNode = FALSE
	EndGlobalSection
	GlobalSection(NestedProjects) = preSolution
		{34FEAFC5-BB29-485F-B3C4-09AF6E14210D} = {BE61405D-F41B-4DD1-BB46-AB6F8A748FCD}
		{5B33FE33-1331-40E8-BE7F-C44CB9AD1D78} = {E481DC89-55B9-4604-B4AC-95C0D60A1932}
		{A9D9D707-007C-4E85-B759-C3793D9654C9} = {32E1701F-4378-4604-96F3-B14287899DB1}
		{99C3FAFC-506C-4D6C-90CD-3D3A6AC50CA7} = {42215EB6-8E9B-4FEC-8DDE-ECE4A73B26E7}
		{D66186AF-8182-47AE-ADA3-A555DF84432A} = {5604B76A-07FC-4556-A691-9BD1940DD186}
		{C6EF14E7-6A3E-4B50-BF63-FB9E5A004DCE} = {C3233D8C-C141-40FC-998D-6E533E36B444}
		{1E602F39-ED04-4A12-B442-1569890372EF} = {62DE2074-B074-460F-AE8D-CFF5361304FF}
		{62BCCF1E-01A7-4062-AC64-4BB94B7B70B4} = {F0B502AA-84CA-47BF-AF26-85C0008DA211}
	EndGlobalSection
	GlobalSection(ExtensibilityGlobals) = postSolution
		SolutionGuid = {3CDA8360-6DFD-4DBC-8B2C-A75F043423D4}
	EndGlobalSection
EndGlobal
